<?xml version="1.0" encoding="utf-8"?>
<Project ToolsVersion="4.0" xmlns="http://schemas.microsoft.com/developer/msbuild/2003">
  <ItemGroup>
    <ClCompile Include="GameManager.cpp">
      <Filter>Sources\Managers</Filter>
    </ClCompile>
    <ClCompile Include="LevelManager.cpp">
      <Filter>Sources\Managers</Filter>
    </ClCompile>
    <ClCompile Include="BaseApplication.cpp">
      <Filter>Sources\Managers</Filter>
    </ClCompile>
    <ClCompile Include="BasicEnemy.cpp">
      <Filter>Sources\Characters</Filter>
    </ClCompile>
    <ClCompile Include="Character.cpp">
      <Filter>Sources\Characters</Filter>
    </ClCompile>
    <ClCompile Include="Npc.cpp">
      <Filter>Sources\Characters</Filter>
    </ClCompile>
    <ClCompile Include="Player.cpp">
      <Filter>Sources\Characters</Filter>
    </ClCompile>
    <ClCompile Include="FloatRange.cpp">
      <Filter>Sources\Helpers</Filter>
    </ClCompile>
    <ClCompile Include="BaseEquipment.cpp">
      <Filter>Sources\Items</Filter>
    </ClCompile>
    <ClCompile Include="BaseItem.cpp">
      <Filter>Sources\Items</Filter>
    </ClCompile>
    <ClCompile Include="EquimentInstance.cpp">
      <Filter>Sources\Items</Filter>
    </ClCompile>
    <ClCompile Include="BaseWeapon.cpp">
      <Filter>Sources\Items</Filter>
    </ClCompile>
    <ClCompile Include="ItemInstance.cpp">
      <Filter>Sources\Items</Filter>
    </ClCompile>
    <ClCompile Include="UIManager.cpp">
      <Filter>Sources\Managers</Filter>
    </ClCompile>
    <ClCompile Include="BaseNpc.cpp">
      <Filter>Sources\Characters</Filter>
    </ClCompile>
  </ItemGroup>
  <ItemGroup>
    <ClInclude Include="GameManager.h">
      <Filter>Headers\Managers</Filter>
    </ClInclude>
    <ClInclude Include="LevelManager.h">
      <Filter>Headers\Managers</Filter>
    </ClInclude>
    <ClInclude Include="BaseApplication.h">
      <Filter>Headers\Managers</Filter>
    </ClInclude>
    <ClInclude Include="StatRange.h">
      <Filter>Headers\Helpers</Filter>
    </ClInclude>
    <ClInclude Include="Modifier.h">
      <Filter>Headers\Helpers</Filter>
    </ClInclude>
    <ClInclude Include="FloatRange.h">
      <Filter>Headers\Helpers</Filter>
    </ClInclude>
    <ClInclude Include="BasicEnemy.h">
      <Filter>Headers\Characters</Filter>
    </ClInclude>
    <ClInclude Include="Character.h">
      <Filter>Headers\Characters</Filter>
    </ClInclude>
    <ClInclude Include="CharacterStats.h">
      <Filter>Headers\Characters</Filter>
    </ClInclude>
    <ClInclude Include="Npc.h">
      <Filter>Headers\Characters</Filter>
    </ClInclude>
    <ClInclude Include="Player.h">
      <Filter>Headers\Characters</Filter>
    </ClInclude>
    <ClInclude Include="Affix.h">
      <Filter>Headers\Items</Filter>
    </ClInclude>
    <ClInclude Include="BaseEquipment.h">
      <Filter>Headers\Items</Filter>
    </ClInclude>
    <ClInclude Include="BaseItem.h">
      <Filter>Headers\Items</Filter>
    </ClInclude>
    <ClInclude Include="BaseWeapon.h">
      <Filter>Headers\Items</Filter>
    </ClInclude>
    <ClInclude Include="EquimentInstance.h">
      <Filter>Headers\Items</Filter>
    </ClInclude>
    <ClInclude Include="ItemInstance.h">
      <Filter>Headers\Items</Filter>
    </ClInclude>
    <ClInclude Include="UIManager.h">
      <Filter>Headers\Managers</Filter>
    </ClInclude>
    <ClInclude Include="BaseNpc.h">
      <Filter>Headers\Characters</Filter>
    </ClInclude>
  </ItemGroup>
  <ItemGroup>
    <None Include="GameObjStandard.cg" />
    <None Include="Resources\materials\textures\greyBox.jpg">
      <Filter>Resources</Filter>
    </None>
    <None Include="Resources\materials\textures\greenBox.jpg">
      <Filter>Resources</Filter>
    </None>
    <None Include="Resources\materials\textures\yellowBox.jpg">
      <Filter>Resources</Filter>
    </None>
    <None Include="Resources\materials\scripts\UI.material">
      <Filter>Resources</Filter>
    </None>
    <None Include="testMaterial.material">
      <Filter>Resources</Filter>
    </None>
  </ItemGroup>
  <ItemGroup>
    <Filter Include="Resources">
      <UniqueIdentifier>{40b63afc-42bd-4fe9-a885-9b258f5f674d}</UniqueIdentifier>
    </Filter>
    <Filter Include="Headers">
      <UniqueIdentifier>{a1671ac9-cc9c-4748-88f9-d641018e7aeb}</UniqueIdentifier>
    </Filter>
    <Filter Include="Sources">
      <UniqueIdentifier>{638e9f91-62d3-492b-9f08-1f73b037231f}</UniqueIdentifier>
    </Filter>
    <Filter Include="Headers\Managers">
      <UniqueIdentifier>{36b4c8c2-8e52-4ac4-970f-17276e950e85}</UniqueIdentifier>
    </Filter>
    <Filter Include="Sources\Managers">
      <UniqueIdentifier>{928b2181-419d-413c-8153-6ce57ebe7a42}</UniqueIdentifier>
    </Filter>
    <Filter Include="Sources\Characters">
      <UniqueIdentifier>{4101f07a-50b0-44a0-9802-bb530d8b318d}</UniqueIdentifier>
    </Filter>
    <Filter Include="Headers\Helpers">
      <UniqueIdentifier>{bd63be0f-78bd-4865-bc5e-ab291a0f6a97}</UniqueIdentifier>
    </Filter>
    <Filter Include="Sources\Helpers">
      <UniqueIdentifier>{7e9606b3-61e3-4c65-ae7b-127a0ba694d3}</UniqueIdentifier>
    </Filter>
    <Filter Include="Headers\Characters">
      <UniqueIdentifier>{70fcb6d6-3fe5-426e-9f13-eb50e895f9dc}</UniqueIdentifier>
    </Filter>
    <Filter Include="Headers\Items">
      <UniqueIdentifier>{6a0b0d93-158d-4a5c-a05f-ef7c6aa73477}</UniqueIdentifier>
    </Filter>
    <Filter Include="Sources\Items">
      <UniqueIdentifier>{958c99ac-1663-49a8-b07f-a1be29de0005}</UniqueIdentifier>
    </Filter>
  </ItemGroup>
</Project>