<?xml version="1.0" encoding="utf-8"?>
<Project ToolsVersion="4.0" xmlns="http://schemas.microsoft.com/developer/msbuild/2003">
  <ItemGroup>
    <Filter Include="Source Files">
      <UniqueIdentifier>{4FC737F1-C7A5-4376-A066-2A32D752A2FF}</UniqueIdentifier>
      <Extensions>cpp;c;cc;cxx;def;odl;idl;hpj;bat;asm;asmx</Extensions>
    </Filter>
    <Filter Include="Header Files">
      <UniqueIdentifier>{93995380-89BD-4b04-88EB-625FBE52EBFB}</UniqueIdentifier>
      <Extensions>h;hpp;hxx;hm;inl;inc;xsd</Extensions>
    </Filter>
    <Filter Include="Resource Files">
      <UniqueIdentifier>{67DA6AB6-F800-4c08-8B7A-83BB121AAD01}</UniqueIdentifier>
      <Extensions>rc;ico;cur;bmp;dlg;rc2;rct;bin;rgs;gif;jpg;jpeg;jpe;resx;tiff;tif;png;wav;mfcribbon-ms</Extensions>
    </Filter>
    <Filter Include="Source Files\Item">
      <UniqueIdentifier>{f3a287f2-0d87-48ad-bbe4-6b6d4b164b60}</UniqueIdentifier>
    </Filter>
    <Filter Include="Header Files\Item">
      <UniqueIdentifier>{955fa4ee-ba41-41e4-979f-94ebdefd6a91}</UniqueIdentifier>
    </Filter>
    <Filter Include="Source Files\Utillity">
      <UniqueIdentifier>{c88481d6-3017-4d69-8334-cf4555bb78c6}</UniqueIdentifier>
    </Filter>
    <Filter Include="Header Files\Utillity">
      <UniqueIdentifier>{868e6918-aa3d-4c3f-b9d0-894569915bac}</UniqueIdentifier>
    </Filter>
  </ItemGroup>
  <ItemGroup>
    <None Include="testMaterial.material">
      <Filter>Source Files</Filter>
    </None>
    <None Include="GameObjStandard.cg">
      <Filter>Source Files</Filter>
    </None>
  </ItemGroup>
  <ItemGroup>
    <ClCompile Include="BaseApplication.cpp">
      <Filter>Source Files</Filter>
    </ClCompile>
    <ClCompile Include="GameManager.cpp">
      <Filter>Source Files</Filter>
    </ClCompile>
    <ClCompile Include="Player.cpp">
      <Filter>Source Files</Filter>
    </ClCompile>
    <ClCompile Include="LevelManager.cpp">
      <Filter>Source Files</Filter>
    </ClCompile>
    <ClCompile Include="BaseItem.cpp">
      <Filter>Source Files\Item</Filter>
    </ClCompile>
    <ClCompile Include="ItemInstance.cpp">
      <Filter>Source Files\Item</Filter>
    </ClCompile>
    <ClCompile Include="BaseEquipment.cpp">
      <Filter>Source Files\Item</Filter>
    </ClCompile>
    <ClCompile Include="FloatRange.cpp">
      <Filter>Source Files\Utillity</Filter>
    </ClCompile>
    <ClCompile Include="EquimentInstance.cpp">
      <Filter>Source Files\Item</Filter>
    </ClCompile>
    <ClCompile Include="BaseWeapon.cpp">
      <Filter>Source Files\Item</Filter>
    </ClCompile>
  </ItemGroup>
  <ItemGroup>
    <ClInclude Include="BaseApplication.h">
      <Filter>Header Files</Filter>
    </ClInclude>
    <ClInclude Include="GameManager.h">
      <Filter>Header Files</Filter>
    </ClInclude>
    <ClInclude Include="Player.h">
      <Filter>Header Files</Filter>
    </ClInclude>
    <ClInclude Include="CharacterStats.h">
      <Filter>Header Files</Filter>
    </ClInclude>
    <ClInclude Include="LevelManager.h">
      <Filter>Header Files</Filter>
    </ClInclude>
    <ClInclude Include="BaseItem.h">
      <Filter>Header Files\Item</Filter>
    </ClInclude>
    <ClInclude Include="ItemInstance.h">
      <Filter>Header Files\Item</Filter>
    </ClInclude>
    <ClInclude Include="BaseEquipment.h">
      <Filter>Header Files\Item</Filter>
    </ClInclude>
    <ClInclude Include="StatRange.h">
      <Filter>Header Files\Item</Filter>
    </ClInclude>
    <ClInclude Include="FloatRange.h">
      <Filter>Header Files\Utillity</Filter>
    </ClInclude>
    <ClInclude Include="Affix.h">
      <Filter>Header Files\Item</Filter>
    </ClInclude>
    <ClInclude Include="Modifier.h">
      <Filter>Header Files\Utillity</Filter>
    </ClInclude>
    <ClInclude Include="EquimentInstance.h">
      <Filter>Header Files\Item</Filter>
    </ClInclude>
    <ClInclude Include="BaseWeapon.h">
      <Filter>Header Files\Item</Filter>
    </ClInclude>
  </ItemGroup>
</Project>