
Microsoft Visual Studio Solution File, Format Version 11.00
# Visual Studio 2010
Project("{8BC9CEB8-8B4A-11D0-8D11-00A0C91BC942}") = "UnitTest", "UnitTest\UnitTest.vcxproj", "{ECB3EB13-57B9-44A7-BCFF-8F08CBAA4F6F}"
EndProject
Global
	GlobalSection(SolutionConfigurationPlatforms) = preSolution
		Debug|Win32 = Debug|Win32
		Release|Win32 = Release|Win32
	EndGlobalSection
	GlobalSection(ProjectConfigurationPlatforms) = postSolution
		{ECB3EB13-57B9-44A7-BCFF-8F08CBAA4F6F}.Debug|Win32.ActiveCfg = Debug|Win32
		{ECB3EB13-57B9-44A7-BCFF-8F08CBAA4F6F}.Debug|Win32.Build.0 = Debug|Win32
		{ECB3EB13-57B9-44A7-BCFF-8F08CBAA4F6F}.Release|Win32.ActiveCfg = Release|Win32
		{ECB3EB13-57B9-44A7-BCFF-8F08CBAA4F6F}.Release|Win32.Build.0 = Release|Win32
	EndGlobalSection
	GlobalSection(SolutionProperties) = preSolution
		HideSolutionNode = FALSE
	EndGlobalSection
EndGlobal
