<?xml version="1.0" encoding="utf-8"?>
<Project ToolsVersion="4.0" xmlns="http://schemas.microsoft.com/developer/msbuild/2003">
  <ItemGroup>
    <Filter Include="Source Files">
      <UniqueIdentifier>{4FC737F1-C7A5-4376-A066-2A32D752A2FF}</UniqueIdentifier>
      <Extensions>cpp;c;cc;cxx;def;odl;idl;hpj;bat;asm;asmx</Extensions>
    </Filter>
    <Filter Include="Header Files">
      <UniqueIdentifier>{93995380-89BD-4b04-88EB-625FBE52EBFB}</UniqueIdentifier>
      <Extensions>h;hh;hpp;hxx;hm;inl;inc;xsd</Extensions>
    </Filter>
    <Filter Include="Resource Files">
      <UniqueIdentifier>{67DA6AB6-F800-4c08-8B7A-83BB121AAD01}</UniqueIdentifier>
      <Extensions>rc;ico;cur;bmp;dlg;rc2;rct;bin;rgs;gif;jpg;jpeg;jpe;resx;tiff;tif;png;wav;mfcribbon-ms</Extensions>
    </Filter>
  </ItemGroup>
  <ItemGroup>
    <Text Include="ReadMe.txt" />
  </ItemGroup>
  <ItemGroup>
    <ClInclude Include="..\Diabro\Affix.h">
      <Filter>Header Files</Filter>
    </ClInclude>
    <ClInclude Include="..\Diabro\BaseApplication.h">
      <Filter>Header Files</Filter>
    </ClInclude>
    <ClInclude Include="..\Diabro\BaseEquipment.h">
      <Filter>Header Files</Filter>
    </ClInclude>
    <ClInclude Include="..\Diabro\BaseItem.h">
      <Filter>Header Files</Filter>
    </ClInclude>
    <ClInclude Include="..\Diabro\BaseNpc.h">
      <Filter>Header Files</Filter>
    </ClInclude>
    <ClInclude Include="..\Diabro\BaseWeapon.h">
      <Filter>Header Files</Filter>
    </ClInclude>
    <ClInclude Include="..\Diabro\BasicEnemy.h">
      <Filter>Header Files</Filter>
    </ClInclude>
    <ClInclude Include="..\Diabro\Character.h">
      <Filter>Header Files</Filter>
    </ClInclude>
    <ClInclude Include="..\Diabro\CharacterSpawner.h">
      <Filter>Header Files</Filter>
    </ClInclude>
    <ClInclude Include="..\Diabro\CharacterStats.h">
      <Filter>Header Files</Filter>
    </ClInclude>
    <ClInclude Include="..\Diabro\EquimentInstance.h">
      <Filter>Header Files</Filter>
    </ClInclude>
    <ClInclude Include="..\Diabro\FloatRange.h">
      <Filter>Header Files</Filter>
    </ClInclude>
    <ClInclude Include="..\Diabro\GameManager.h">
      <Filter>Header Files</Filter>
    </ClInclude>
    <ClInclude Include="..\Diabro\ItemInstance.h">
      <Filter>Header Files</Filter>
    </ClInclude>
    <ClInclude Include="..\Diabro\LevelManager.h">
      <Filter>Header Files</Filter>
    </ClInclude>
    <ClInclude Include="..\Diabro\Modifier.h">
      <Filter>Header Files</Filter>
    </ClInclude>
    <ClInclude Include="..\Diabro\Npc.h">
      <Filter>Header Files</Filter>
    </ClInclude>
    <ClInclude Include="..\Diabro\Player.h">
      <Filter>Header Files</Filter>
    </ClInclude>
    <ClInclude Include="..\Diabro\StatRange.h">
      <Filter>Header Files</Filter>
    </ClInclude>
    <ClInclude Include="..\Diabro\UIManager.h">
      <Filter>Header Files</Filter>
    </ClInclude>
    <ClInclude Include="..\Diabro\City.h">
      <Filter>Header Files</Filter>
    </ClInclude>
    <ClInclude Include="..\Diabro\LevelGenerator.h">
      <Filter>Header Files</Filter>
    </ClInclude>
    <ClInclude Include="..\Diabro\Zone.h">
      <Filter>Header Files</Filter>
    </ClInclude>
  </ItemGroup>
  <ItemGroup>
    <ClCompile Include="..\Diabro\BaseApplication.cpp">
      <Filter>Source Files</Filter>
    </ClCompile>
    <ClCompile Include="..\Diabro\BaseEquipment.cpp">
      <Filter>Source Files</Filter>
    </ClCompile>
    <ClCompile Include="..\Diabro\BaseItem.cpp">
      <Filter>Source Files</Filter>
    </ClCompile>
    <ClCompile Include="..\Diabro\BaseNpc.cpp">
      <Filter>Source Files</Filter>
    </ClCompile>
    <ClCompile Include="..\Diabro\BaseWeapon.cpp">
      <Filter>Source Files</Filter>
    </ClCompile>
    <ClCompile Include="..\Diabro\BasicEnemy.cpp">
      <Filter>Source Files</Filter>
    </ClCompile>
    <ClCompile Include="..\Diabro\Character.cpp">
      <Filter>Source Files</Filter>
    </ClCompile>
    <ClCompile Include="..\Diabro\CharacterSpawner.cpp">
      <Filter>Source Files</Filter>
    </ClCompile>
    <ClCompile Include="..\Diabro\EquimentInstance.cpp">
      <Filter>Source Files</Filter>
    </ClCompile>
    <ClCompile Include="..\Diabro\FloatRange.cpp">
      <Filter>Source Files</Filter>
    </ClCompile>
    <ClCompile Include="..\Diabro\GameManager.cpp">
      <Filter>Source Files</Filter>
    </ClCompile>
    <ClCompile Include="..\Diabro\ItemInstance.cpp">
      <Filter>Source Files</Filter>
    </ClCompile>
    <ClCompile Include="..\Diabro\LevelManager.cpp">
      <Filter>Source Files</Filter>
    </ClCompile>
    <ClCompile Include="..\Diabro\Npc.cpp">
      <Filter>Source Files</Filter>
    </ClCompile>
    <ClCompile Include="..\Diabro\Player.cpp">
      <Filter>Source Files</Filter>
    </ClCompile>
    <ClCompile Include="..\Diabro\UIManager.cpp">
      <Filter>Source Files</Filter>
    </ClCompile>
    <ClCompile Include="..\Diabro\City.cpp">
      <Filter>Source Files</Filter>
    </ClCompile>
    <ClCompile Include="..\Diabro\Zone.cpp">
      <Filter>Source Files</Filter>
    </ClCompile>
  </ItemGroup>
  <ItemGroup>
    <None Include="..\Diabro\GameObjStandard.cg" />
    <None Include="..\Diabro\Resources\materials\textures\greenBox.jpg">
      <Filter>Resource Files</Filter>
    </None>
    <None Include="..\Diabro\Resources\materials\textures\greyBox.jpg">
      <Filter>Resource Files</Filter>
    </None>
    <None Include="..\Diabro\testMaterial.material" />
    <None Include="..\Diabro\Resources\materials\scripts\UI.material" />
    <None Include="..\Diabro\Resources\materials\textures\yellowBox.jpg">
      <Filter>Resource Files</Filter>
    </None>
  </ItemGroup>
</Project>